
Microsoft Visual Studio Solution File, Format Version 12.00
# Visual Studio Version 16
VisualStudioVersion = 16.0.32002.261
MinimumVisualStudioVersion = 10.0.40219.1
Project("{FAE04EC0-301F-11D3-BF4B-00C04F79EFBC}") = "TicTacToeGameConsole", "TicTacToeGameConsole\TicTacToeGameConsole.csproj", "{0808F45C-61A5-4ACE-9679-078F48520A8B}"
EndProject
Global
	GlobalSection(SolutionConfigurationPlatforms) = preSolution
		Debug|Any CPU = Debug|Any CPU
		Release|Any CPU = Release|Any CPU
	EndGlobalSection
	GlobalSection(ProjectConfigurationPlatforms) = postSolution
		{0808F45C-61A5-4ACE-9679-078F48520A8B}.Debug|Any CPU.ActiveCfg = Debug|Any CPU
		{0808F45C-61A5-4ACE-9679-078F48520A8B}.Debug|Any CPU.Build.0 = Debug|Any CPU
		{0808F45C-61A5-4ACE-9679-078F48520A8B}.Release|Any CPU.ActiveCfg = Release|Any CPU
		{0808F45C-61A5-4ACE-9679-078F48520A8B}.Release|Any CPU.Build.0 = Release|Any CPU
	EndGlobalSection
	GlobalSection(SolutionProperties) = preSolution
		HideSolutionNode = FALSE
	EndGlobalSection
	GlobalSection(ExtensibilityGlobals) = postSolution
		SolutionGuid = {612490BD-948D-4DB2-A0F7-04362E7341CC}
	EndGlobalSection
EndGlobal
